
Microsoft Visual Studio Solution File, Format Version 12.00
# Visual Studio Version 16
VisualStudioVersion = 16.0.29905.134
MinimumVisualStudioVersion = 10.0.40219.1
Project("{FAE04EC0-301F-11D3-BF4B-00C04F79EFBC}") = "TestWebApp", "TestWebApp\TestWebApp.csproj", "{2BBF3BA1-23CD-4060-BCE1-9E8DCF45DF2D}"
EndProject
Project("{FAE04EC0-301F-11D3-BF4B-00C04F79EFBC}") = "TestWebApp.Business", "TestWebApp.Business\TestWebApp.Business.csproj", "{C8D4A0E5-7E3D-4B08-B9F9-60A1E984FAAC}"
EndProject
Project("{FAE04EC0-301F-11D3-BF4B-00C04F79EFBC}") = "TestWebApp.Data", "TestWebApp.Data\TestWebApp.Data.csproj", "{6F13C8CB-56E0-479C-9616-1EEF24193E4D}"
EndProject
Global
	GlobalSection(SolutionConfigurationPlatforms) = preSolution
		Debug|Any CPU = Debug|Any CPU
		Release|Any CPU = Release|Any CPU
	EndGlobalSection
	GlobalSection(ProjectConfigurationPlatforms) = postSolution
		{2BBF3BA1-23CD-4060-BCE1-9E8DCF45DF2D}.Debug|Any CPU.ActiveCfg = Debug|Any CPU
		{2BBF3BA1-23CD-4060-BCE1-9E8DCF45DF2D}.Debug|Any CPU.Build.0 = Debug|Any CPU
		{2BBF3BA1-23CD-4060-BCE1-9E8DCF45DF2D}.Release|Any CPU.ActiveCfg = Release|Any CPU
		{2BBF3BA1-23CD-4060-BCE1-9E8DCF45DF2D}.Release|Any CPU.Build.0 = Release|Any CPU
		{C8D4A0E5-7E3D-4B08-B9F9-60A1E984FAAC}.Debug|Any CPU.ActiveCfg = Debug|Any CPU
		{C8D4A0E5-7E3D-4B08-B9F9-60A1E984FAAC}.Debug|Any CPU.Build.0 = Debug|Any CPU
		{C8D4A0E5-7E3D-4B08-B9F9-60A1E984FAAC}.Release|Any CPU.ActiveCfg = Release|Any CPU
		{C8D4A0E5-7E3D-4B08-B9F9-60A1E984FAAC}.Release|Any CPU.Build.0 = Release|Any CPU
		{6F13C8CB-56E0-479C-9616-1EEF24193E4D}.Debug|Any CPU.ActiveCfg = Debug|Any CPU
		{6F13C8CB-56E0-479C-9616-1EEF24193E4D}.Debug|Any CPU.Build.0 = Debug|Any CPU
		{6F13C8CB-56E0-479C-9616-1EEF24193E4D}.Release|Any CPU.ActiveCfg = Release|Any CPU
		{6F13C8CB-56E0-479C-9616-1EEF24193E4D}.Release|Any CPU.Build.0 = Release|Any CPU
	EndGlobalSection
	GlobalSection(SolutionProperties) = preSolution
		HideSolutionNode = FALSE
	EndGlobalSection
	GlobalSection(ExtensibilityGlobals) = postSolution
		SolutionGuid = {75C159CF-9777-4493-8359-A8763A4CFB0B}
	EndGlobalSection
EndGlobal
